{
  "version": 4,
  "terraform_version": "1.0.1",
  "serial": 104,
  "lineage": "1fa5887b-04cb-1664-4d2f-7873f33571b7",
  "outputs": {},
  "resources": [
    {
      "mode": "data",
      "type": "google_compute_subnetwork",
      "name": "subnet",
      "provider": "provider[\"registry.terraform.io/hashicorp/google\"]",
      "instances": [
        {
          "schema_version": 0,
          "attributes": {
            "description": "",
            "gateway_address": "10.1.30.1",
            "id": "projects/host-project-323315/regions/us-central1/subnetworks/subnet-service-us",
            "ip_cidr_range": "10.1.30.0/24",
            "name": "subnet-service-us",
            "network": "https://www.googleapis.com/compute/v1/projects/host-project-323315/global/networks/shared-vpc-27677",
            "private_ip_google_access": false,
            "project": "host-project-323315",
            "region": "us-central1",
            "secondary_ip_range": [],
            "self_link": "https://www.googleapis.com/compute/v1/projects/host-project-323315/regions/us-central1/subnetworks/subnet-service-us"
          },
          "sensitive_attributes": []
        }
      ]
    },
    {
      "mode": "managed",
      "type": "google_compute_instance",
      "name": "vm2",
      "provider": "provider[\"registry.terraform.io/hashicorp/google\"]",
      "instances": [
        {
          "schema_version": 6,
          "attributes": {
            "advanced_machine_features": [],
            "allow_stopping_for_update": null,
            "attached_disk": [],
            "boot_disk": [
              {
                "auto_delete": true,
                "device_name": "persistent-disk-0",
                "disk_encryption_key_raw": "",
                "disk_encryption_key_sha256": "",
                "initialize_params": [
                  {
                    "image": "https://www.googleapis.com/compute/v1/projects/debian-cloud/global/images/debian-9-stretch-v20210916",
                    "labels": {},
                    "size": 10,
                    "type": "pd-standard"
                  }
                ],
                "kms_key_self_link": "",
                "mode": "READ_WRITE",
                "source": "https://www.googleapis.com/compute/v1/projects/proud-breaker-324113/zones/us-central1-a/disks/dev-vm"
              }
            ],
            "can_ip_forward": false,
            "confidential_instance_config": [],
            "cpu_platform": "Intel Haswell",
            "current_status": "RUNNING",
            "deletion_protection": false,
            "description": "",
            "desired_status": null,
            "enable_display": false,
            "guest_accelerator": [],
            "hostname": "",
            "id": "projects/proud-breaker-324113/zones/us-central1-a/instances/dev-vm",
            "instance_id": "7791622340943142236",
            "label_fingerprint": "42WmSpB8rSM=",
            "labels": null,
            "machine_type": "e2-medium",
            "metadata": null,
            "metadata_fingerprint": "F-TWFIGDTc8=",
            "metadata_startup_script": "",
            "min_cpu_platform": "",
            "name": "dev-vm",
            "network_interface": [
              {
                "access_config": [],
                "alias_ip_range": [],
                "name": "nic0",
                "network": "https://www.googleapis.com/compute/v1/projects/host-project-323315/global/networks/shared-vpc-27677",
                "network_ip": "10.1.30.4",
                "nic_type": "",
                "subnetwork": "https://www.googleapis.com/compute/v1/projects/host-project-323315/regions/us-central1/subnetworks/subnet-service-us",
                "subnetwork_project": "host-project-323315"
              }
            ],
            "project": "proud-breaker-324113",
            "reservation_affinity": [],
            "resource_policies": null,
            "scheduling": [
              {
                "automatic_restart": true,
                "min_node_cpus": 0,
                "node_affinities": [],
                "on_host_maintenance": "MIGRATE",
                "preemptible": false
              }
            ],
            "scratch_disk": [],
            "self_link": "https://www.googleapis.com/compute/v1/projects/proud-breaker-324113/zones/us-central1-a/instances/dev-vm",
            "service_account": [],
            "shielded_instance_config": [],
            "tags": null,
            "tags_fingerprint": "42WmSpB8rSM=",
            "timeouts": null,
            "zone": "us-central1-a"
          },
          "sensitive_attributes": [],
          "private": "eyJlMmJmYjczMC1lY2FhLTExZTYtOGY4OC0zNDM2M2JjN2M0YzAiOnsiY3JlYXRlIjoxMjAwMDAwMDAwMDAwLCJkZWxldGUiOjEyMDAwMDAwMDAwMDAsInVwZGF0ZSI6MTIwMDAwMDAwMDAwMH0sInNjaGVtYV92ZXJzaW9uIjoiNiJ9",
          "dependencies": [
            "data.google_compute_subnetwork.subnet"
          ]
        }
      ]
    }
  ]
}
